<?xml version="1.0" encoding="utf-8"?>
<Project ToolsVersion="4.0" xmlns="http://schemas.microsoft.com/developer/msbuild/2003">
  <ItemGroup>
    <ClInclude Include="engine.h" />
    <ClInclude Include="core\application.h" />
    <ClInclude Include="core\core.h" />
    <ClInclude Include="core\entry_point.h" />
    <ClInclude Include="engine\io.h" />
    <ClInclude Include="engine\log.h" />
    <ClInclude Include="engine\math\math.h" />
    <ClInclude Include="engine\math\random.h" />
    <ClInclude Include="engine\math\vec3.h" />
    <ClInclude Include="engine\math\ray.h" />
    <ClInclude Include="engine\math\hit.h" />
    <ClInclude Include="engine\math\aabb.h" />
    <ClInclude Include="engine\math\camera.h" />
    <ClInclude Include="assets\texture.h" />
    <ClInclude Include="assets\mesh.h" />
    <ClInclude Include="assets\material.h" />
    <ClInclude Include="engine\asset\soft_asset_ptr.h" />
    <ClInclude Include="core\windows_minimal.h" />
    <ClInclude Include="engine\profile\benchmark.h" />
    <ClInclude Include="third_party\stb_image.h" />
    <ClInclude Include="third_party\json-3.10.5\include\nlohmann\json.hpp" />
    <ClInclude Include="third_party\json-3.10.5\include\nlohmann\json_fwd.hpp" />
    <ClInclude Include="engine\asset\asset.h" />
    <ClInclude Include="core\concepts.h" />
    <ClInclude Include="hittables\scene.h" />
    <ClInclude Include="hittables\static_mesh.h" />
    <ClInclude Include="engine\persistence\object_persistence.h" />
    <ClInclude Include="engine\persistence\persistence.h" />
    <ClInclude Include="engine\persistence\persistence_helper.h" />
    <ClInclude Include="assets\pixel_shader.h" />
    <ClInclude Include="assets\vertex_shader.h" />
    <ClInclude Include="engine\renderer\dx12_lib.h" />
    <ClInclude Include="engine\renderer\renderer_base.h" />
    <ClInclude Include="engine\math\vertex_data.h" />
    <ClInclude Include="hittables\light.h" />
    <ClInclude Include="engine\string_tools.h" />
    <ClInclude Include="engine\renderer\aligned_structs.h" />
    <ClInclude Include="engine\renderer\scene_acceleration.h" />
    <ClInclude Include="engine\renderer\command_queue.h" />
    <ClInclude Include="engine\renderer\pipeline_state.h" />
    <ClInclude Include="third_party\nsight-aftermath-samples\D3D12HelloNsightAftermath\NsightAftermathGpuCrashTracker.h" />
    <ClInclude Include="third_party\nsight-aftermath-samples\D3D12HelloNsightAftermath\NsightAftermathHelpers.h" />
    <ClInclude Include="assets\shader.h" />
    <ClInclude Include="engine\renderer\command_list.h" />
    <ClInclude Include="engine\renderer\descriptor_heap.h" />
    <ClInclude Include="engine\renderer\device.h" />
    <ClInclude Include="engine\renderer\graphics_pipeline.h" />
    <ClInclude Include="engine\renderer\render_context.h" />
    <ClInclude Include="engine\renderer\gpu_resources.h" />
    <ClInclude Include="core\exceptions\windows_error.h" />
    <ClInclude Include="core\exceptions\floating_point.h" />
    <ClInclude Include="core\exceptions\gpu_crash_handler.h" />
    <ClInclude Include="engine\physics.h" />
    <ClInclude Include="engine\window.h" />
    <ClInclude Include="engine\hittable.h" />
    <ClInclude Include="engine\math\hash.h" />
    <ClInclude Include="renderers\deferred.h" />
    <ClInclude Include="renderers\forward.h" />
    <ClInclude Include="engine\math\tone_mapping.h" />
    <ClInclude Include="core\rtti\object.h" />
    <ClInclude Include="core\rtti\object_defines.h" />
    <ClInclude Include="core\rtti\object_registry.h" />
    <ClInclude Include="core\rtti\object_visitor.h" />
    <ClInclude Include="renderers\passes\debug_pass.h" />
    <ClInclude Include="renderers\passes\deferred_lighting_pass.h" />
    <ClInclude Include="renderers\passes\forward_pass.h" />
    <ClInclude Include="renderers\passes\gbuffer_pass.h" />
    <ClInclude Include="renderers\passes\pass_base.h" />
    <ClInclude Include="engine\resources\assimp_logger.h" />
    <ClInclude Include="engine\resources\bmp.h" />
    <ClInclude Include="engine\resources\ffbx.h" />
    <ClInclude Include="engine\resources\resources_io.h" />
    <ClInclude Include="engine\resources\shader_tools.h" />
    <ClInclude Include="core\com_pointer.h" />
    <ClInclude Include="engine\time.h" />
    <ClInclude Include="engine\unique_ptr.h" />
    <ClInclude Include="stdafx.h" />
    <ClInclude Include="engine\shared_ptr.h" />
  </ItemGroup>
  <ItemGroup>
    <ClCompile Include="core\application.cpp" />
    <ClCompile Include="engine\io.cpp" />
    <ClCompile Include="engine\log.cpp" />
    <ClCompile Include="engine\math\math.cpp" />
    <ClCompile Include="engine\math\random.cpp" />
    <ClCompile Include="engine\math\ray.cpp" />
    <ClCompile Include="engine\math\hit.cpp" />
    <ClCompile Include="engine\math\aabb.cpp" />
    <ClCompile Include="engine\math\camera.cpp" />
    <ClCompile Include="assets\texture.cpp" />
    <ClCompile Include="assets\mesh.cpp" />
    <ClCompile Include="assets\material.cpp" />
    <ClCompile Include="engine\asset\soft_asset_ptr.cpp" />
    <ClCompile Include="engine\profile\benchmark.cpp" />
    <ClCompile Include="engine\asset\asset.cpp" />
    <ClCompile Include="hittables\scene.cpp" />
    <ClCompile Include="hittables\static_mesh.cpp" />
    <ClCompile Include="engine\persistence\persistence.cpp" />
    <ClCompile Include="assets\pixel_shader.cpp" />
    <ClCompile Include="assets\vertex_shader.cpp" />
    <ClCompile Include="engine\renderer\dx12_lib.cpp" />
    <ClCompile Include="engine\renderer\renderer_base.cpp" />
    <ClCompile Include="hittables\light.cpp" />
    <ClCompile Include="engine\string_tools.cpp" />
    <ClCompile Include="engine\renderer\scene_acceleration.cpp" />
    <ClCompile Include="engine\renderer\command_queue.cpp" />
    <ClCompile Include="third_party\nsight-aftermath-samples\D3D12HelloNsightAftermath\NsightAftermathGpuCrashTracker.cpp" />
    <ClCompile Include="assets\shader.cpp" />
    <ClCompile Include="engine\renderer\command_list.cpp" />
    <ClCompile Include="engine\renderer\descriptor_heap.cpp" />
    <ClCompile Include="engine\renderer\device.cpp" />
    <ClCompile Include="engine\renderer\graphics_pipeline.cpp" />
    <ClCompile Include="engine\renderer\gpu_resources.cpp" />
    <ClCompile Include="core\core.cpp" />
    <ClCompile Include="core\exceptions\floating_point.cpp" />
    <ClCompile Include="core\exceptions\gpu_crash_handler.cpp" />
    <ClCompile Include="engine\physics.cpp" />
    <ClCompile Include="engine\window.cpp" />
    <ClCompile Include="engine\hittable.cpp" />
    <ClCompile Include="engine\math\hash.cpp" />
    <ClCompile Include="engine\math\vertex_data.cpp" />
    <ClCompile Include="renderers\deferred.cpp" />
    <ClCompile Include="renderers\forward.cpp" />
    <ClCompile Include="engine\math\tone_mapping.cpp" />
    <ClCompile Include="core\rtti\object.cpp" />
    <ClCompile Include="core\rtti\object_registry.cpp" />
    <ClCompile Include="core\rtti\object_visitor.cpp" />
    <ClCompile Include="renderers\passes\debug_pass.cpp" />
    <ClCompile Include="renderers\passes\deferred_lighting_pass.cpp" />
    <ClCompile Include="renderers\passes\forward_pass.cpp" />
    <ClCompile Include="renderers\passes\gbuffer_pass.cpp" />
    <ClCompile Include="renderers\passes\pass_base.cpp" />
    <ClCompile Include="core\exceptions\windows_error.cpp" />
    <ClCompile Include="core\rtti\object_registry_templates.cpp" />
    <ClCompile Include="explicit_template\object_registry_inst.cpp" />
    <ClCompile Include="explicit_template\soft_asset_ptr_inst.cpp" />
    <ClCompile Include="engine\resources\assimp_logger.cpp" />
    <ClCompile Include="engine\resources\bmp.cpp" />
    <ClCompile Include="engine\resources\ffbx.cpp" />
    <ClCompile Include="engine\resources\resources_io.cpp" />
    <ClCompile Include="engine\resources\shader_tools.cpp" />
    <ClCompile Include="engine\time.cpp" />
    <ClCompile Include="stdafx.cpp" />
  </ItemGroup>
</Project>