<?xml version="1.0" encoding="utf-8"?>
<Project ToolsVersion="4.0" xmlns="http://schemas.microsoft.com/developer/msbuild/2003">
  <ItemGroup>
    <ClInclude Include="engine.h" />
    <ClInclude Include="core\application.h" />
    <ClInclude Include="core\core.h" />
    <ClInclude Include="core\entry_point.h" />
    <ClInclude Include="engine\hash.h" />
    <ClInclude Include="engine\io.h" />
    <ClInclude Include="engine\log.h" />
    <ClInclude Include="math\math.h" />
    <ClInclude Include="math\colors.h" />
    <ClInclude Include="math\random.h" />
    <ClInclude Include="profile\stats.h" />
    <ClInclude Include="math\vec3.h" />
    <ClInclude Include="engine\fpexcept.h" />
    <ClInclude Include="math\ray.h" />
    <ClInclude Include="math\hit.h" />
    <ClInclude Include="math\pdf.h" />
    <ClInclude Include="math\onb.h" />
    <ClInclude Include="math\aabb.h" />
    <ClInclude Include="math\triangle_face.h" />
    <ClInclude Include="math\camera.h" />
    <ClInclude Include="math\plane.h" />
    <ClInclude Include="assets\texture.h" />
    <ClInclude Include="assets\mesh.h" />
    <ClInclude Include="assets\material.h" />
    <ClInclude Include="object\object.h" />
    <ClInclude Include="asset\soft_asset_ptr.h" />
    <ClInclude Include="object\object_registry.h" />
    <ClInclude Include="core\exceptions.h" />
    <ClInclude Include="core\windows_minimal.h" />
    <ClInclude Include="profile\benchmark.h" />
    <ClInclude Include="third_party\stb_image.h" />
    <ClInclude Include="third_party\tiny_obj_loader.h" />
    <ClInclude Include="resources\bmp.h" />
    <ClInclude Include="resources\resources_io.h" />
    <ClInclude Include="persistence\assets_json.h" />
    <ClInclude Include="persistence\serializable.h" />
    <ClInclude Include="persistence\vec3_json.h" />
    <ClInclude Include="third_party\json-3.10.5\include\nlohmann\json.hpp" />
    <ClInclude Include="object\object_types.h" />
    <ClInclude Include="object\object_defines.h" />
    <ClInclude Include="math\chunk_generator.h" />
    <ClInclude Include="renderer\cpu_renderer_base.h" />
    <ClInclude Include="hittables\hittables.h" />
    <ClInclude Include="object\factories.h" />
    <ClInclude Include="persistence\hittables_json.h" />
    <ClInclude Include="persistence\frame_renderer_json.h" />
    <ClInclude Include="renderers\cpu_renderer_faces.h" />
    <ClInclude Include="renderers\cpu_renderer_normals.h" />
    <ClInclude Include="renderers\cpu_renderer_preview.h" />
    <ClInclude Include="renderers\cpu_renderer_reference.h" />
    <ClInclude Include="third_party\json-3.10.5\include\nlohmann\json_fwd.hpp" />
    <ClInclude Include="persistence\camera_config_json.h" />
    <ClInclude Include="asset\asset.h" />
    <ClInclude Include="core\concepts.h" />
    <ClInclude Include="hittables\scene.h" />
    <ClInclude Include="hittables\static_mesh.h" />
    <ClInclude Include="hittables\sphere.h" />
  </ItemGroup>
  <ItemGroup>
    <ClCompile Include="core\application.cpp" />
    <ClCompile Include="engine\io.cpp" />
    <ClCompile Include="engine\log.cpp" />
    <ClCompile Include="math\colors.cpp" />
    <ClCompile Include="math\math.cpp" />
    <ClCompile Include="math\random.cpp" />
    <ClCompile Include="profile\stats.cpp" />
    <ClCompile Include="engine\hash.cpp" />
    <ClCompile Include="engine\fpexcept.cpp" />
    <ClCompile Include="math\ray.cpp" />
    <ClCompile Include="math\hit.cpp" />
    <ClCompile Include="math\aabb.cpp" />
    <ClCompile Include="math\onb.cpp" />
    <ClCompile Include="math\camera.cpp" />
    <ClCompile Include="math\plane.cpp" />
    <ClCompile Include="assets\texture.cpp" />
    <ClCompile Include="assets\mesh.cpp" />
    <ClCompile Include="assets\material.cpp" />
    <ClCompile Include="object\object.cpp" />
    <ClCompile Include="asset\soft_asset_ptr.cpp" />
    <ClCompile Include="asset\soft_asset_ptr_inst.cpp" />
    <ClCompile Include="object\object_registry.cpp" />
    <ClCompile Include="object\object_registry_temp.cpp" />
    <ClCompile Include="object\object_registry_inst.cpp" />
    <ClCompile Include="core\exceptions.cpp" />
    <ClCompile Include="profile\benchmark.cpp" />
    <ClCompile Include="resources\bmp.cpp" />
    <ClCompile Include="resources\resources_io.cpp" />
    <ClCompile Include="persistence\assets_json.cpp" />
    <ClCompile Include="persistence\serializable.cpp" />
    <ClCompile Include="persistence\vec3_json.cpp" />
    <ClCompile Include="persistence\serializable_inst.cpp" />
    <ClCompile Include="renderer\cpu_renderer_base.cpp" />
    <ClCompile Include="math\chunk_generator.cpp" />
    <ClCompile Include="hittables\hittables.cpp" />
    <ClCompile Include="object\factories.cpp" />
    <ClCompile Include="persistence\hittables_json.cpp" />
    <ClCompile Include="persistence\frame_renderer_json.cpp" />
    <ClCompile Include="renderers\cpu_renderer_faces.cpp" />
    <ClCompile Include="renderers\cpu_renderer_normals.cpp" />
    <ClCompile Include="renderers\cpu_renderer_preview.cpp" />
    <ClCompile Include="renderers\cpu_renderer_reference.cpp" />
    <ClCompile Include="persistence\camera_config_json.cpp" />
    <ClCompile Include="asset\asset.cpp" />
    <ClCompile Include="hittables\scene.cpp" />
    <ClCompile Include="hittables\static_mesh.cpp" />
    <ClCompile Include="hittables\sphere.cpp" />
  </ItemGroup>
</Project>